{
  "nodes": {
    "nixpkgs": {
      "locked": {
        "lastModified": 1790185690,
        "narHash": "sha256-xJ+X4hBtOcAFGBOe5nAMyMUeF9foJBmIOu3NjBqBycU=",
        "owner": "NixOS",
        "repo": "nixpkgs",
        "rev": "4975466d324710c576dc11ad614684e6bd8cad8e",
        "type": "github"
      },
      "original": {
        "owner": "NixOS",
        "ref": "nixos-unstable",
        "repo": "nixpkgs",
        "type": "github"
      }
    },
    "root": {
      "inputs": {
        "nixpkgs": "nixpkgs",
        "ticket": "ticket"
      }
    },
    "ticket": {
      "flake": false,
      "locked": {
        "lastModified": 1770135786,
        "narHash": "sha256-orxqAwJBL+LHe+I9M+djYGa/yfvH67HdR/VVy8fdg90=",
        "owner": "wedow",
        "repo": "ticket",
        "rev": "266b9d38d5090f1af4e5184afd21b183b3bbe878",
        "type": "github"
      },
      "original": {
        "owner": "wedow",
        "ref": "v0.3.2",
        "repo": "ticket",
        "type": "github"
      }
    }
  },
  "root": "root",
  "version": 7
}
